
Microsoft Visual Studio Solution File, Format Version 12.00
# Visual Studio Version 16
VisualStudioVersion = 16.0.31729.503
MinimumVisualStudioVersion = 10.0.40219.1
Project("{FAE04EC0-301F-11D3-BF4B-00C04F79EFBC}") = "uyalık-sıstamı-otomasyonu", "uyalık-sıstamı-otomasyonu\uyalık-sıstamı-otomasyonu.csproj", "{A593A2F6-5E4F-4693-8627-A949322EA795}"
EndProject
Global
	GlobalSection(SolutionConfigurationPlatforms) = preSolution
		Debug|Any CPU = Debug|Any CPU
		Release|Any CPU = Release|Any CPU
	EndGlobalSection
	GlobalSection(ProjectConfigurationPlatforms) = postSolution
		{A593A2F6-5E4F-4693-8627-A949322EA795}.Debug|Any CPU.ActiveCfg = Debug|Any CPU
		{A593A2F6-5E4F-4693-8627-A949322EA795}.Debug|Any CPU.Build.0 = Debug|Any CPU
		{A593A2F6-5E4F-4693-8627-A949322EA795}.Release|Any CPU.ActiveCfg = Release|Any CPU
		{A593A2F6-5E4F-4693-8627-A949322EA795}.Release|Any CPU.Build.0 = Release|Any CPU
	EndGlobalSection
	GlobalSection(SolutionProperties) = preSolution
		HideSolutionNode = FALSE
	EndGlobalSection
	GlobalSection(ExtensibilityGlobals) = postSolution
		SolutionGuid = {699FD48F-E3B9-4AD3-BEDF-19664CE5EED1}
	EndGlobalSection
EndGlobal
